# This file was autogenerated by Stack.
# You should not edit this file by hand.
# For more information, please see the documentation at:
#   https://docs.haskellstack.org/en/stable/lock_files

packages:
- completed:
    hackage: ivory-0.1.0.9@sha256:9fc1abaccafbd09ef23d1616ba185208b6017d48cf160f4e78144c15da89186a,4779
    pantry-tree:
      size: 4776
      sha256: 4ee649ac96a7a1e2db555468dfcd03c398ca73a06f859a9924bc5fc560426ebf
  original:
    hackage: ivory-0.1.0.9@sha256:9fc1abaccafbd09ef23d1616ba185208b6017d48cf160f4e78144c15da89186a,4779
- completed:
    hackage: monadLib-3.10.1@sha256:f965920379fee5e69dba089ac41bfc885598db2659fccfd3fd484a0c2b90282a,644
    pantry-tree:
      size: 426
      sha256: f3716b4a0e1959a3ae06139e5744412f4b0777e4b93f2c111ed6d08eb1029a7b
  original:
    hackage: monadLib-3.10.1@sha256:f965920379fee5e69dba089ac41bfc885598db2659fccfd3fd484a0c2b90282a,644
snapshots:
- completed:
    size: 563100
    url: https://raw.githubusercontent.com/commercialhaskell/stackage-snapshots/master/lts/17/0.yaml
    sha256: e93a85871577ea3423d5f3454b2b6bd37c2c2123c79faf511dfb64f5b49a9f8b
  original: lts-17.0
